
Microsoft Visual Studio Solution File, Format Version 12.00
# Visual Studio Version 16
VisualStudioVersion = 16.0.30804.86
MinimumVisualStudioVersion = 10.0.40219.1
Project("{FAE04EC0-301F-11D3-BF4B-00C04F79EFBC}") = "blazing-IT.Components.Bootstrap", "blazing-IT.Components.Bootstrap\blazing-IT.Components.Bootstrap.csproj", "{83E4C72B-EE50-4427-8BA5-F919A2A57CBF}"
EndProject
Global
	GlobalSection(SolutionConfigurationPlatforms) = preSolution
		Debug|Any CPU = Debug|Any CPU
		Release|Any CPU = Release|Any CPU
	EndGlobalSection
	GlobalSection(ProjectConfigurationPlatforms) = postSolution
		{83E4C72B-EE50-4427-8BA5-F919A2A57CBF}.Debug|Any CPU.ActiveCfg = Debug|Any CPU
		{83E4C72B-EE50-4427-8BA5-F919A2A57CBF}.Debug|Any CPU.Build.0 = Debug|Any CPU
		{83E4C72B-EE50-4427-8BA5-F919A2A57CBF}.Release|Any CPU.ActiveCfg = Release|Any CPU
		{83E4C72B-EE50-4427-8BA5-F919A2A57CBF}.Release|Any CPU.Build.0 = Release|Any CPU
	EndGlobalSection
	GlobalSection(SolutionProperties) = preSolution
		HideSolutionNode = FALSE
	EndGlobalSection
	GlobalSection(ExtensibilityGlobals) = postSolution
		SolutionGuid = {7AD7B4E9-73D5-4E85-8FAC-1C79FA683AAE}
	EndGlobalSection
EndGlobal
